{
  "nodes": {
    "nixpkgs": {
      "locked": {
        "lastModified": 1790463110,
        "narHash": "sha256-hKlVl12B1dF0Q5vd9dY3lIJM5mFGWYSlXwSLAqHZ1+s=",
        "owner": "NixOS",
        "repo": "nixpkgs",
        "rev": "e158d9ed9b51c98974c5e66e1ba1c9e0255fecaa",
        "type": "github"
      },
      "original": {
        "owner": "NixOS",
        "ref": "nixos-unstable",
        "repo": "nixpkgs",
        "type": "github"
      }
    },
    "nixpkgs-playwright": {
      "locked": {
        "lastModified": 1789483721,
        "narHash": "sha256-RLW/jk/pl5MxmVaO+KLPeMqC3RIIVlTthNrH6tNaDik=",
        "owner": "NixOS",
        "repo": "nixpkgs",
        "rev": "6959e56fb649818335ef46fbb6c695d47587caff",
        "type": "github"
      },
      "original": {
        "owner": "NixOS",
        "repo": "nixpkgs",
        "rev": "6959e56fb649818335ef46fbb6c695d47587caff",
        "type": "github"
      }
    },
    "root": {
      "inputs": {
        "nixpkgs": "nixpkgs",
        "nixpkgs-playwright": "nixpkgs-playwright"
      }
    }
  },
  "root": "root",
  "version": 7
}
